github.com/hygjob/greetings v1.0.3 h1:YI7qb7NF8/qdW7jI94q0bqJ9VpI2z3ZpSB0PN1m6+IU=
github.com/hygjob/greetings v1.0.3/go.mod h1:xS/S77R57Fcf1sybDJklk5mccoo4pNDrr9VYX1LVO6I=
github.com/hygjob/greetings/v2 v2.0.1 h1:5AL8h8LdxNdV33MYjsIzrnTVbpTEJF5g/bvCrVsrFRc=
github.com/hygjob/greetings/v2 v2.0.1/go.mod h1:fT0LVhOCr7szIrkSYl8ms8DOb1Od/E6E2LBcpOhgRZ8=
github.com/hygjob/greetings/v2 v2.0.3 h1:SPAc3FMJBEiLP2LQZFCc4p1/bmIllhHEbg85LvfTyx4=
github.com/hygjob/greetings/v2 v2.0.3/go.mod h1:fT0LVhOCr7szIrkSYl8ms8DOb1Od/E6E2LBcpOhgRZ8=
github.com/hygjob/greetings/v2 v2.0.4 h1:BpaAIkAkI73kXE51mq90CxVJ3kqmLiphpJuU5KSIK18=
github.com/hygjob/greetings/v2 v2.0.4/go.mod h1:fT0LVhOCr7szIrkSYl8ms8DOb1Od/E6E2LBcpOhgRZ8=
