github.com/hygjob/greetings v1.0.0 h1:Ak7mS0HY/EiH7paQY3pXDgwL75OPmvYiJjV8eOI98o4=
github.com/hygjob/greetings v1.0.0/go.mod h1:lzbiLmV1T556jX6JtIAT9jNFHx/NnoLA+7pCfrhjEQg=
github.com/hygjob/greetings v1.0.1 h1:DjjlCwfiSiUOpr/RaOPbefbqZnesewnfyvi5RXZJCM0=
github.com/hygjob/greetings v1.0.1/go.mod h1:xS/S77R57Fcf1sybDJklk5mccoo4pNDrr9VYX1LVO6I=
github.com/hygjob/greetings v1.0.2 h1:YfmaxNuOxv2LRIVtsMpg1UXknm2fa9bTHcj4n9DRttE=
github.com/hygjob/greetings v1.0.2/go.mod h1:xS/S77R57Fcf1sybDJklk5mccoo4pNDrr9VYX1LVO6I=
